
Microsoft Visual Studio Solution File, Format Version 12.00
# Visual Studio Version 17
VisualStudioVersion = 17.1.31911.260
MinimumVisualStudioVersion = 10.0.40219.1
Project("{FAE04EC0-301F-11D3-BF4B-00C04F79EFBC}") = "NlogWithDI", "NlogWithDI\NlogWithDI.csproj", "{76A08591-18E4-494F-9158-E8E85BBA0B6B}"
EndProject
Global
	GlobalSection(SolutionConfigurationPlatforms) = preSolution
		Debug|Any CPU = Debug|Any CPU
		Release|Any CPU = Release|Any CPU
	EndGlobalSection
	GlobalSection(ProjectConfigurationPlatforms) = postSolution
		{76A08591-18E4-494F-9158-E8E85BBA0B6B}.Debug|Any CPU.ActiveCfg = Debug|Any CPU
		{76A08591-18E4-494F-9158-E8E85BBA0B6B}.Debug|Any CPU.Build.0 = Debug|Any CPU
		{76A08591-18E4-494F-9158-E8E85BBA0B6B}.Release|Any CPU.ActiveCfg = Release|Any CPU
		{76A08591-18E4-494F-9158-E8E85BBA0B6B}.Release|Any CPU.Build.0 = Release|Any CPU
	EndGlobalSection
	GlobalSection(SolutionProperties) = preSolution
		HideSolutionNode = FALSE
	EndGlobalSection
	GlobalSection(ExtensibilityGlobals) = postSolution
		SolutionGuid = {99C79E7C-FFB4-4317-9543-948216AD251F}
	EndGlobalSection
EndGlobal
